
Microsoft Visual Studio Solution File, Format Version 12.00
# Visual Studio 14
VisualStudioVersion = 14.0.25420.1
MinimumVisualStudioVersion = 10.0.40219.1
Project("{FAE04EC0-301F-11D3-BF4B-00C04F79EFBC}") = "DeTextoUno", "DeTextoUno\DeTextoUno.csproj", "{2FB790ED-3E61-4359-AF76-A25A21084671}"
EndProject
Project("{FAE04EC0-301F-11D3-BF4B-00C04F79EFBC}") = "ArchivosVisuales", "ArchivosVisuales\ArchivosVisuales.csproj", "{C8AF7F5E-D886-4624-9CEC-1B25EA9ABDEC}"
EndProject
Global
	GlobalSection(SolutionConfigurationPlatforms) = preSolution
		Debug|Any CPU = Debug|Any CPU
		Release|Any CPU = Release|Any CPU
	EndGlobalSection
	GlobalSection(ProjectConfigurationPlatforms) = postSolution
		{2FB790ED-3E61-4359-AF76-A25A21084671}.Debug|Any CPU.ActiveCfg = Debug|Any CPU
		{2FB790ED-3E61-4359-AF76-A25A21084671}.Debug|Any CPU.Build.0 = Debug|Any CPU
		{2FB790ED-3E61-4359-AF76-A25A21084671}.Release|Any CPU.ActiveCfg = Release|Any CPU
		{2FB790ED-3E61-4359-AF76-A25A21084671}.Release|Any CPU.Build.0 = Release|Any CPU
		{C8AF7F5E-D886-4624-9CEC-1B25EA9ABDEC}.Debug|Any CPU.ActiveCfg = Debug|Any CPU
		{C8AF7F5E-D886-4624-9CEC-1B25EA9ABDEC}.Debug|Any CPU.Build.0 = Debug|Any CPU
		{C8AF7F5E-D886-4624-9CEC-1B25EA9ABDEC}.Release|Any CPU.ActiveCfg = Release|Any CPU
		{C8AF7F5E-D886-4624-9CEC-1B25EA9ABDEC}.Release|Any CPU.Build.0 = Release|Any CPU
	EndGlobalSection
	GlobalSection(SolutionProperties) = preSolution
		HideSolutionNode = FALSE
	EndGlobalSection
EndGlobal
